
Microsoft Visual Studio Solution File, Format Version 12.00
# Visual Studio Version 17
VisualStudioVersion = 17.5.33424.131
MinimumVisualStudioVersion = 10.0.40219.1
Project("{FAE04EC0-301F-11D3-BF4B-00C04F79EFBC}") = "Laboratorium_Prog", "Laboratorium_Prog\Laboratorium_Prog.csproj", "{E8ACD092-B775-4D4D-819E-CC675599FA49}"
EndProject
Global
	GlobalSection(SolutionConfigurationPlatforms) = preSolution
		Debug|Any CPU = Debug|Any CPU
		Release|Any CPU = Release|Any CPU
	EndGlobalSection
	GlobalSection(ProjectConfigurationPlatforms) = postSolution
		{E8ACD092-B775-4D4D-819E-CC675599FA49}.Debug|Any CPU.ActiveCfg = Debug|Any CPU
		{E8ACD092-B775-4D4D-819E-CC675599FA49}.Debug|Any CPU.Build.0 = Debug|Any CPU
		{E8ACD092-B775-4D4D-819E-CC675599FA49}.Release|Any CPU.ActiveCfg = Release|Any CPU
		{E8ACD092-B775-4D4D-819E-CC675599FA49}.Release|Any CPU.Build.0 = Release|Any CPU
	EndGlobalSection
	GlobalSection(SolutionProperties) = preSolution
		HideSolutionNode = FALSE
	EndGlobalSection
	GlobalSection(ExtensibilityGlobals) = postSolution
		SolutionGuid = {2D976B87-3D02-4C1D-AC2F-C682B6BFBE75}
	EndGlobalSection
EndGlobal
